Microsoft Visual Studio Solution File, Format Version 12.00
# Visual Studio 15
VisualStudioVersion = 15.0.26124.0
MinimumVisualStudioVersion = 15.0.26124.0
Project("{9A19103F-16F7-4668-BE54-9A1E7A4F7556}") = "WeatherApp.Client", "WeatherApp.Client\WeatherApp.Client.csproj", "{04A99538-BDB2-4BBB-B297-B8D9A8BC2E6D}"
EndProject
Project("{9A19103F-16F7-4668-BE54-9A1E7A4F7556}") = "WeatherApp.Library", "WeatherApp.Library\WeatherApp.Library.csproj", "{1D63DFE1-AE4C-4CBA-968E-3D1CD916CC9B}"
EndProject
Project("{9A19103F-16F7-4668-BE54-9A1E7A4F7556}") = "WeatherApp.MVC", "WeatherApp.MVC\WeatherApp.MVC.csproj", "{98E66843-4357-4942-A5C2-F1D288550FC4}"
EndProject
Global
	GlobalSection(SolutionConfigurationPlatforms) = preSolution
		Debug|Any CPU = Debug|Any CPU
		Debug|x64 = Debug|x64
		Debug|x86 = Debug|x86
		Release|Any CPU = Release|Any CPU
		Release|x64 = Release|x64
		Release|x86 = Release|x86
	EndGlobalSection
	GlobalSection(ProjectConfigurationPlatforms) = postSolution
		{04A99538-BDB2-4BBB-B297-B8D9A8BC2E6D}.Debug|Any CPU.ActiveCfg = Debug|Any CPU
		{04A99538-BDB2-4BBB-B297-B8D9A8BC2E6D}.Debug|Any CPU.Build.0 = Debug|Any CPU
		{04A99538-BDB2-4BBB-B297-B8D9A8BC2E6D}.Debug|x64.ActiveCfg = Debug|Any CPU
		{04A99538-BDB2-4BBB-B297-B8D9A8BC2E6D}.Debug|x64.Build.0 = Debug|Any CPU
		{04A99538-BDB2-4BBB-B297-B8D9A8BC2E6D}.Debug|x86.ActiveCfg = Debug|Any CPU
		{04A99538-BDB2-4BBB-B297-B8D9A8BC2E6D}.Debug|x86.Build.0 = Debug|Any CPU
		{04A99538-BDB2-4BBB-B297-B8D9A8BC2E6D}.Release|Any CPU.ActiveCfg = Release|Any CPU
		{04A99538-BDB2-4BBB-B297-B8D9A8BC2E6D}.Release|Any CPU.Build.0 = Release|Any CPU
		{04A99538-BDB2-4BBB-B297-B8D9A8BC2E6D}.Release|x64.ActiveCfg = Release|Any CPU
		{04A99538-BDB2-4BBB-B297-B8D9A8BC2E6D}.Release|x64.Build.0 = Release|Any CPU
		{04A99538-BDB2-4BBB-B297-B8D9A8BC2E6D}.Release|x86.ActiveCfg = Release|Any CPU
		{04A99538-BDB2-4BBB-B297-B8D9A8BC2E6D}.Release|x86.Build.0 = Release|Any CPU
		{1D63DFE1-AE4C-4CBA-968E-3D1CD916CC9B}.Debug|Any CPU.ActiveCfg = Debug|Any CPU
		{1D63DFE1-AE4C-4CBA-968E-3D1CD916CC9B}.Debug|Any CPU.Build.0 = Debug|Any CPU
		{1D63DFE1-AE4C-4CBA-968E-3D1CD916CC9B}.Debug|x64.ActiveCfg = Debug|Any CPU
		{1D63DFE1-AE4C-4CBA-968E-3D1CD916CC9B}.Debug|x64.Build.0 = Debug|Any CPU
		{1D63DFE1-AE4C-4CBA-968E-3D1CD916CC9B}.Debug|x86.ActiveCfg = Debug|Any CPU
		{1D63DFE1-AE4C-4CBA-968E-3D1CD916CC9B}.Debug|x86.Build.0 = Debug|Any CPU
		{1D63DFE1-AE4C-4CBA-968E-3D1CD916CC9B}.Release|Any CPU.ActiveCfg = Release|Any CPU
		{1D63DFE1-AE4C-4CBA-968E-3D1CD916CC9B}.Release|Any CPU.Build.0 = Release|Any CPU
		{1D63DFE1-AE4C-4CBA-968E-3D1CD916CC9B}.Release|x64.ActiveCfg = Release|Any CPU
		{1D63DFE1-AE4C-4CBA-968E-3D1CD916CC9B}.Release|x64.Build.0 = Release|Any CPU
		{1D63DFE1-AE4C-4CBA-968E-3D1CD916CC9B}.Release|x86.ActiveCfg = Release|Any CPU
		{1D63DFE1-AE4C-4CBA-968E-3D1CD916CC9B}.Release|x86.Build.0 = Release|Any CPU
		{98E66843-4357-4942-A5C2-F1D288550FC4}.Debug|Any CPU.ActiveCfg = Debug|Any CPU
		{98E66843-4357-4942-A5C2-F1D288550FC4}.Debug|Any CPU.Build.0 = Debug|Any CPU
		{98E66843-4357-4942-A5C2-F1D288550FC4}.Debug|x64.ActiveCfg = Debug|Any CPU
		{98E66843-4357-4942-A5C2-F1D288550FC4}.Debug|x64.Build.0 = Debug|Any CPU
		{98E66843-4357-4942-A5C2-F1D288550FC4}.Debug|x86.ActiveCfg = Debug|Any CPU
		{98E66843-4357-4942-A5C2-F1D288550FC4}.Debug|x86.Build.0 = Debug|Any CPU
		{98E66843-4357-4942-A5C2-F1D288550FC4}.Release|Any CPU.ActiveCfg = Release|Any CPU
		{98E66843-4357-4942-A5C2-F1D288550FC4}.Release|Any CPU.Build.0 = Release|Any CPU
		{98E66843-4357-4942-A5C2-F1D288550FC4}.Release|x64.ActiveCfg = Release|Any CPU
		{98E66843-4357-4942-A5C2-F1D288550FC4}.Release|x64.Build.0 = Release|Any CPU
		{98E66843-4357-4942-A5C2-F1D288550FC4}.Release|x86.ActiveCfg = Release|Any CPU
		{98E66843-4357-4942-A5C2-F1D288550FC4}.Release|x86.Build.0 = Release|Any CPU
	EndGlobalSection
	GlobalSection(SolutionProperties) = preSolution
		HideSolutionNode = FALSE
	EndGlobalSection
	GlobalSection(ExtensibilityGlobals) = postSolution
		SolutionGuid = {F027FC0B-74DA-4E4F-A141-F7F4202245EC}
	EndGlobalSection
EndGlobal
