
Microsoft Visual Studio Solution File, Format Version 12.00
# Visual Studio 15
VisualStudioVersion = 15.0.27428.2015
MinimumVisualStudioVersion = 10.0.40219.1
Project("{FAE04EC0-301F-11D3-BF4B-00C04F79EFBC}") = "ConnectTest.Start", "ConnectTest.Start\ConnectTest.Start.csproj", "{3B95B50D-98FC-429B-8B3C-1D9EEEF071FA}"
EndProject
Global
	GlobalSection(SolutionConfigurationPlatforms) = preSolution
		Debug|Any CPU = Debug|Any CPU
		Release|Any CPU = Release|Any CPU
	EndGlobalSection
	GlobalSection(ProjectConfigurationPlatforms) = postSolution
		{3B95B50D-98FC-429B-8B3C-1D9EEEF071FA}.Debug|Any CPU.ActiveCfg = Debug|Any CPU
		{3B95B50D-98FC-429B-8B3C-1D9EEEF071FA}.Debug|Any CPU.Build.0 = Debug|Any CPU
		{3B95B50D-98FC-429B-8B3C-1D9EEEF071FA}.Release|Any CPU.ActiveCfg = Release|Any CPU
		{3B95B50D-98FC-429B-8B3C-1D9EEEF071FA}.Release|Any CPU.Build.0 = Release|Any CPU
	EndGlobalSection
	GlobalSection(SolutionProperties) = preSolution
		HideSolutionNode = FALSE
	EndGlobalSection
	GlobalSection(ExtensibilityGlobals) = postSolution
		SolutionGuid = {BAB1CC63-4757-488F-AF1D-B0317B52F662}
	EndGlobalSection
EndGlobal
