
Microsoft Visual Studio Solution File, Format Version 12.00
# Visual Studio 15
VisualStudioVersion = 15.0.27428.2015
MinimumVisualStudioVersion = 10.0.40219.1
Project("{FAE04EC0-301F-11D3-BF4B-00C04F79EFBC}") = "DotnetBlogData.Cli", "DotnetBlogData.Cli\DotnetBlogData.Cli.csproj", "{CB5B3693-61D1-4F16-AB7E-998F22FB992B}"
EndProject
Project("{FAE04EC0-301F-11D3-BF4B-00C04F79EFBC}") = "DotnetBlogData.DB", "DotnetBlogData.DB\DotnetBlogData.DB.csproj", "{489A04A3-8C0D-4A6D-B76D-B1E8D416F982}"
EndProject
Project("{FAE04EC0-301F-11D3-BF4B-00C04F79EFBC}") = "DotnetBlogData.Svc", "DotnetBlogData.Svc\DotnetBlogData.Svc.csproj", "{2EEBBAC2-60BE-46D6-9004-F84CB6516FAC}"
EndProject
Global
	GlobalSection(SolutionConfigurationPlatforms) = preSolution
		Debug|Any CPU = Debug|Any CPU
		Release|Any CPU = Release|Any CPU
	EndGlobalSection
	GlobalSection(ProjectConfigurationPlatforms) = postSolution
		{CB5B3693-61D1-4F16-AB7E-998F22FB992B}.Debug|Any CPU.ActiveCfg = Debug|Any CPU
		{CB5B3693-61D1-4F16-AB7E-998F22FB992B}.Debug|Any CPU.Build.0 = Debug|Any CPU
		{CB5B3693-61D1-4F16-AB7E-998F22FB992B}.Release|Any CPU.ActiveCfg = Release|Any CPU
		{CB5B3693-61D1-4F16-AB7E-998F22FB992B}.Release|Any CPU.Build.0 = Release|Any CPU
		{489A04A3-8C0D-4A6D-B76D-B1E8D416F982}.Debug|Any CPU.ActiveCfg = Debug|Any CPU
		{489A04A3-8C0D-4A6D-B76D-B1E8D416F982}.Debug|Any CPU.Build.0 = Debug|Any CPU
		{489A04A3-8C0D-4A6D-B76D-B1E8D416F982}.Release|Any CPU.ActiveCfg = Release|Any CPU
		{489A04A3-8C0D-4A6D-B76D-B1E8D416F982}.Release|Any CPU.Build.0 = Release|Any CPU
		{2EEBBAC2-60BE-46D6-9004-F84CB6516FAC}.Debug|Any CPU.ActiveCfg = Debug|Any CPU
		{2EEBBAC2-60BE-46D6-9004-F84CB6516FAC}.Debug|Any CPU.Build.0 = Debug|Any CPU
		{2EEBBAC2-60BE-46D6-9004-F84CB6516FAC}.Release|Any CPU.ActiveCfg = Release|Any CPU
		{2EEBBAC2-60BE-46D6-9004-F84CB6516FAC}.Release|Any CPU.Build.0 = Release|Any CPU
	EndGlobalSection
	GlobalSection(SolutionProperties) = preSolution
		HideSolutionNode = FALSE
	EndGlobalSection
	GlobalSection(ExtensibilityGlobals) = postSolution
		SolutionGuid = {E82FBC79-FFB3-437A-BB0F-0D1D396697BD}
	EndGlobalSection
EndGlobal
