
Microsoft Visual Studio Solution File, Format Version 12.00
# Visual Studio 15
VisualStudioVersion = 15.0.27428.2015
MinimumVisualStudioVersion = 10.0.40219.1
Project("{FAE04EC0-301F-11D3-BF4B-00C04F79EFBC}") = "SoapService", "SoapService\SoapService.csproj", "{5394114D-7AE5-4872-BCC5-72EEDB850CBC}"
EndProject
Global
	GlobalSection(SolutionConfigurationPlatforms) = preSolution
		Debug|Any CPU = Debug|Any CPU
		Release|Any CPU = Release|Any CPU
	EndGlobalSection
	GlobalSection(ProjectConfigurationPlatforms) = postSolution
		{5394114D-7AE5-4872-BCC5-72EEDB850CBC}.Debug|Any CPU.ActiveCfg = Debug|Any CPU
		{5394114D-7AE5-4872-BCC5-72EEDB850CBC}.Debug|Any CPU.Build.0 = Debug|Any CPU
		{5394114D-7AE5-4872-BCC5-72EEDB850CBC}.Release|Any CPU.ActiveCfg = Release|Any CPU
		{5394114D-7AE5-4872-BCC5-72EEDB850CBC}.Release|Any CPU.Build.0 = Release|Any CPU
	EndGlobalSection
	GlobalSection(SolutionProperties) = preSolution
		HideSolutionNode = FALSE
	EndGlobalSection
	GlobalSection(ExtensibilityGlobals) = postSolution
		SolutionGuid = {F4D68434-8F76-4A37-B3AB-D7C02288FC97}
	EndGlobalSection
EndGlobal
