
Microsoft Visual Studio Solution File, Format Version 12.00
# Visual Studio 15
VisualStudioVersion = 15.0.27428.2015
MinimumVisualStudioVersion = 10.0.40219.1
Project("{FAE04EC0-301F-11D3-BF4B-00C04F79EFBC}") = "Blog2Service.Service", "Blog2Service.Service\Blog2Service.Service.csproj", "{3920FA34-ABC2-40FA-BCAA-7785FF35914D}"
EndProject
Global
	GlobalSection(SolutionConfigurationPlatforms) = preSolution
		Debug|Any CPU = Debug|Any CPU
		Release|Any CPU = Release|Any CPU
	EndGlobalSection
	GlobalSection(ProjectConfigurationPlatforms) = postSolution
		{3920FA34-ABC2-40FA-BCAA-7785FF35914D}.Debug|Any CPU.ActiveCfg = Debug|Any CPU
		{3920FA34-ABC2-40FA-BCAA-7785FF35914D}.Debug|Any CPU.Build.0 = Debug|Any CPU
		{3920FA34-ABC2-40FA-BCAA-7785FF35914D}.Release|Any CPU.ActiveCfg = Release|Any CPU
		{3920FA34-ABC2-40FA-BCAA-7785FF35914D}.Release|Any CPU.Build.0 = Release|Any CPU
	EndGlobalSection
	GlobalSection(SolutionProperties) = preSolution
		HideSolutionNode = FALSE
	EndGlobalSection
	GlobalSection(ExtensibilityGlobals) = postSolution
		SolutionGuid = {062C6C6B-0E81-4576-A1CB-6DFF65F39E9D}
	EndGlobalSection
EndGlobal
