
Microsoft Visual Studio Solution File, Format Version 12.00
# Visual Studio 15
VisualStudioVersion = 15.0.26124.0
MinimumVisualStudioVersion = 15.0.26124.0
Project("{FAE04EC0-301F-11D3-BF4B-00C04F79EFBC}") = "RestService.Client", "RestService.Client\RestService.Client.csproj", "{D0FBB25C-8E10-4B72-8B71-51B0150E8A72}"
EndProject
Project("{FAE04EC0-301F-11D3-BF4B-00C04F79EFBC}") = "RestService.Consumer", "RestService.Consumer\RestService.Consumer.csproj", "{14DF5453-DE2E-4CA6-B2C2-D807A67E06C8}"
EndProject
Global
	GlobalSection(SolutionConfigurationPlatforms) = preSolution
		Debug|Any CPU = Debug|Any CPU
		Debug|x64 = Debug|x64
		Debug|x86 = Debug|x86
		Release|Any CPU = Release|Any CPU
		Release|x64 = Release|x64
		Release|x86 = Release|x86
	EndGlobalSection
	GlobalSection(SolutionProperties) = preSolution
		HideSolutionNode = FALSE
	EndGlobalSection
	GlobalSection(ProjectConfigurationPlatforms) = postSolution
		{D0FBB25C-8E10-4B72-8B71-51B0150E8A72}.Debug|Any CPU.ActiveCfg = Debug|Any CPU
		{D0FBB25C-8E10-4B72-8B71-51B0150E8A72}.Debug|Any CPU.Build.0 = Debug|Any CPU
		{D0FBB25C-8E10-4B72-8B71-51B0150E8A72}.Debug|x64.ActiveCfg = Debug|x64
		{D0FBB25C-8E10-4B72-8B71-51B0150E8A72}.Debug|x64.Build.0 = Debug|x64
		{D0FBB25C-8E10-4B72-8B71-51B0150E8A72}.Debug|x86.ActiveCfg = Debug|x86
		{D0FBB25C-8E10-4B72-8B71-51B0150E8A72}.Debug|x86.Build.0 = Debug|x86
		{D0FBB25C-8E10-4B72-8B71-51B0150E8A72}.Release|Any CPU.ActiveCfg = Release|Any CPU
		{D0FBB25C-8E10-4B72-8B71-51B0150E8A72}.Release|Any CPU.Build.0 = Release|Any CPU
		{D0FBB25C-8E10-4B72-8B71-51B0150E8A72}.Release|x64.ActiveCfg = Release|x64
		{D0FBB25C-8E10-4B72-8B71-51B0150E8A72}.Release|x64.Build.0 = Release|x64
		{D0FBB25C-8E10-4B72-8B71-51B0150E8A72}.Release|x86.ActiveCfg = Release|x86
		{D0FBB25C-8E10-4B72-8B71-51B0150E8A72}.Release|x86.Build.0 = Release|x86
		{14DF5453-DE2E-4CA6-B2C2-D807A67E06C8}.Debug|Any CPU.ActiveCfg = Debug|Any CPU
		{14DF5453-DE2E-4CA6-B2C2-D807A67E06C8}.Debug|Any CPU.Build.0 = Debug|Any CPU
		{14DF5453-DE2E-4CA6-B2C2-D807A67E06C8}.Debug|x64.ActiveCfg = Debug|x64
		{14DF5453-DE2E-4CA6-B2C2-D807A67E06C8}.Debug|x64.Build.0 = Debug|x64
		{14DF5453-DE2E-4CA6-B2C2-D807A67E06C8}.Debug|x86.ActiveCfg = Debug|x86
		{14DF5453-DE2E-4CA6-B2C2-D807A67E06C8}.Debug|x86.Build.0 = Debug|x86
		{14DF5453-DE2E-4CA6-B2C2-D807A67E06C8}.Release|Any CPU.ActiveCfg = Release|Any CPU
		{14DF5453-DE2E-4CA6-B2C2-D807A67E06C8}.Release|Any CPU.Build.0 = Release|Any CPU
		{14DF5453-DE2E-4CA6-B2C2-D807A67E06C8}.Release|x64.ActiveCfg = Release|x64
		{14DF5453-DE2E-4CA6-B2C2-D807A67E06C8}.Release|x64.Build.0 = Release|x64
		{14DF5453-DE2E-4CA6-B2C2-D807A67E06C8}.Release|x86.ActiveCfg = Release|x86
		{14DF5453-DE2E-4CA6-B2C2-D807A67E06C8}.Release|x86.Build.0 = Release|x86
	EndGlobalSection
EndGlobal
